// !$*UTF8*$!
{
	archiveVersion = 1;
	classes = {
	};
	objectVersion = 46;
	objects = {

/* Begin PBXBuildFile section */
		D28602721E0479F600027A9C /* abucheo.mp3 in Resources */ = {isa = PBXBuildFile; fileRef = D28602711E0479F600027A9C /* abucheo.mp3 */; };
		D28602741E047A0200027A9C /* aplausos.mp3 in Resources */ = {isa = PBXBuildFile; fileRef = D28602731E047A0200027A9C /* aplausos.mp3 */; };
		D28602761E047A4600027A9C /* gato.mp3 in Resources */ = {isa = PBXBuildFile; fileRef = D28602751E047A4600027A9C /* gato.mp3 */; };
		D28602781E047A5600027A9C /* intro.mp3 in Resources */ = {isa = PBXBuildFile; fileRef = D28602771E047A5600027A9C /* intro.mp3 */; };
		D286027A1E047A7700027A9C /* perro.mp3 in Resources */ = {isa = PBXBuildFile; fileRef = D28602791E047A7700027A9C /* perro.mp3 */; };
		D286027C1E047A8000027A9C /* vaca.mp3 in Resources */ = {isa = PBXBuildFile; fileRef = D286027B1E047A8000027A9C /* vaca.mp3 */; };
		D2D27AA81DF9BADF004D2378 /* main.m in Sources */ = {isa = PBXBuildFile; fileRef = D2D27AA71DF9BADF004D2378 /* main.m */; };
		D2D27AAB1DF9BADF004D2378 /* AppDelegate.m in Sources */ = {isa = PBXBuildFile; fileRef = D2D27AAA1DF9BADF004D2378 /* AppDelegate.m */; };
		D2D27AAE1DF9BADF004D2378 /* ViewController.m in Sources */ = {isa = PBXBuildFile; fileRef = D2D27AAD1DF9BADF004D2378 /* ViewController.m */; };
		D2D27AB11DF9BADF004D2378 /* Main.storyboard in Resources */ = {isa = PBXBuildFile; fileRef = D2D27AAF1DF9BADF004D2378 /* Main.storyboard */; };
		D2D27AB31DF9BADF004D2378 /* Assets.xcassets in Resources */ = {isa = PBXBuildFile; fileRef = D2D27AB21DF9BADF004D2378 /* Assets.xcassets */; };
		D2D27AB61DF9BADF004D2378 /* LaunchScreen.storyboard in Resources */ = {isa = PBXBuildFile; fileRef = D2D27AB41DF9BADF004D2378 /* LaunchScreen.storyboard */; };
		D2F279E41E046C59001C5152 /* SoundManager.m in Sources */ = {isa = PBXBuildFile; fileRef = D2F279E31E046C59001C5152 /* SoundManager.m */; };
/* End PBXBuildFile section */

/* Begin PBXFileReference section */
		D28602711E0479F600027A9C /* abucheo.mp3 */ = {isa = PBXFileReference; lastKnownFileType = audio.mp3; path = abucheo.mp3; sourceTree = "<group>"; };
		D28602731E047A0200027A9C /* aplausos.mp3 */ = {isa = PBXFileReference; lastKnownFileType = audio.mp3; path = aplausos.mp3; sourceTree = "<group>"; };
		D28602751E047A4600027A9C /* gato.mp3 */ = {isa = PBXFileReference; lastKnownFileType = audio.mp3; path = gato.mp3; sourceTree = "<group>"; };
		D28602771E047A5600027A9C /* intro.mp3 */ = {isa = PBXFileReference; lastKnownFileType = audio.mp3; path = intro.mp3; sourceTree = "<group>"; };
		D28602791E047A7700027A9C /* perro.mp3 */ = {isa = PBXFileReference; lastKnownFileType = audio.mp3; path = perro.mp3; sourceTree = "<group>"; };
		D286027B1E047A8000027A9C /* vaca.mp3 */ = {isa = PBXFileReference; lastKnownFileType = audio.mp3; path = vaca.mp3; sourceTree = "<group>"; };
		D2D27AA31DF9BADF004D2378 /* TresEnRaya.app */ = {isa = PBXFileReference; explicitFileType = wrapper.application; includeInIndex = 0; path = TresEnRaya.app; sourceTree = BUILT_PRODUCTS_DIR; };
		D2D27AA71DF9BADF004D2378 /* main.m */ = {isa = PBXFileReference; lastKnownFileType = sourcecode.c.objc; path = main.m; sourceTree = "<group>"; };
		D2D27AA91DF9BADF004D2378 /* AppDelegate.h */ = {isa = PBXFileReference; lastKnownFileType = sourcecode.c.h; path = AppDelegate.h; sourceTree = "<group>"; };
		D2D27AAA1DF9BADF004D2378 /* AppDelegate.m */ = {isa = PBXFileReference; lastKnownFileType = sourcecode.c.objc; path = AppDelegate.m; sourceTree = "<group>"; };
		D2D27AAC1DF9BADF004D2378 /* ViewController.h */ = {isa = PBXFileReference; lastKnownFileType = text; path = "\U001b\U001b\U001bViewController.h\U001b"; sourceTree = "<group>"; };
		D2D27AAD1DF9BADF004D2378 /* ViewController.m */ = {isa = PBXFileReference; lastKnownFileType = sourcecode.c.objc; path = ViewController.m; sourceTree = "<group>"; };
		D2D27AB01DF9BADF004D2378 /* Base */ = {isa = PBXFileReference; lastKnownFileType = file.storyboard; name = Base; path = Base.lproj/Main.storyboard; sourceTree = "<group>"; };
		D2D27AB21DF9BADF004D2378 /* Assets.xcassets */ = {isa = PBXFileReference; lastKnownFileType = folder.assetcatalog; path = Assets.xcassets; sourceTree = "<group>"; };
		D2D27AB51DF9BADF004D2378 /* Base */ = {isa = PBXFileReference; lastKnownFileType = file.storyboard; name = Base; path = Base.lproj/LaunchScreen.storyboard; sourceTree = "<group>"; };
		D2D27AB71DF9BADF004D2378 /* Info.plist */ = {isa = PBXFileReference; lastKnownFileType = text.plist.xml; path = Info.plist; sourceTree = "<group>"; };
		D2F279E21E046C2D001C5152 /* SoundManager.h */ = {isa = PBXFileReference; fileEncoding = 4; lastKnownFileType = sourcecode.c.h; path = SoundManager.h; sourceTree = "<group>"; };
		D2F279E31E046C59001C5152 /* SoundManager.m */ = {isa = PBXFileReference; fileEncoding = 4; lastKnownFileType = sourcecode.c.objc; path = SoundManager.m; sourceTree = "<group>"; };
/* End PBXFileReference section */

/* Begin PBXFrameworksBuildPhase section */
		D2D27AA01DF9BADF004D2378 /* Frameworks */ = {
			isa = PBXFrameworksBuildPhase;
			buildActionMask = 2147483647;
			files = (
			);
			runOnlyForDeploymentPostprocessing = 0;
		};
/* End PBXFrameworksBuildPhase section */

/* Begin PBXGroup section */
		D2D27A9A1DF9BADF004D2378 = {
			isa = PBXGroup;
			children = (
				D2D27AA51DF9BADF004D2378 /* TresEnRaya */,
				D2D27AA41DF9BADF004D2378 /* Products */,
			);
			sourceTree = "<group>";
		};
		D2D27AA41DF9BADF004D2378 /* Products */ = {
			isa = PBXGroup;
			children = (
				D2D27AA31DF9BADF004D2378 /* TresEnRaya.app */,
			);
			name = Products;
			sourceTree = "<group>";
		};
		D2D27AA51DF9BADF004D2378 /* TresEnRaya */ = {
			isa = PBXGroup;
			children = (
				D2D27AA91DF9BADF004D2378 /* AppDelegate.h */,
				D28602731E047A0200027A9C /* aplausos.mp3 */,
				D28602711E0479F600027A9C /* abucheo.mp3 */,
				D286027B1E047A8000027A9C /* vaca.mp3 */,
				D28602791E047A7700027A9C /* perro.mp3 */,
				D28602771E047A5600027A9C /* intro.mp3 */,
				D28602751E047A4600027A9C /* gato.mp3 */,
				D2D27AAA1DF9BADF004D2378 /* AppDelegate.m */,
				D2F279E21E046C2D001C5152 /* SoundManager.h */,
				D2F279E31E046C59001C5152 /* SoundManager.m */,
				D2D27AAC1DF9BADF004D2378 /* ViewController.h */,
				D2D27AAD1DF9BADF004D2378 /* ViewController.m */,
				D2D27AAF1DF9BADF004D2378 /* Main.storyboard */,
				D2D27AB21DF9BADF004D2378 /* Assets.xcassets */,
				D2D27AB41DF9BADF004D2378 /* LaunchScreen.storyboard */,
				D2D27AB71DF9BADF004D2378 /* Info.plist */,
				D2D27AA61DF9BADF004D2378 /* Supporting Files */,
			);
			path = TresEnRaya;
			sourceTree = "<group>";
		};
		D2D27AA61DF9BADF004D2378 /* Supporting Files */ = {
			isa = PBXGroup;
			children = (
				D2D27AA71DF9BADF004D2378 /* main.m */,
			);
			name = "Supporting Files";
			sourceTree = "<group>";
		};
/* End PBXGroup section */

/* Begin PBXNativeTarget section */
		D2D27AA21DF9BADF004D2378 /* TresEnRaya */ = {
			isa = PBXNativeTarget;
			buildConfigurationList = D2D27ABA1DF9BADF004D2378 /* Build configuration list for PBXNativeTarget "TresEnRaya" */;
			buildPhases = (
				D2D27A9F1DF9BADF004D2378 /* Sources */,
				D2D27AA01DF9BADF004D2378 /* Frameworks */,
				D2D27AA11DF9BADF004D2378 /* Resources */,
			);
			buildRules = (
			);
			dependencies = (
			);
			name = TresEnRaya;
			productName = TresEnRaya;
			productReference = D2D27AA31DF9BADF004D2378 /* TresEnRaya.app */;
			productType = "com.apple.product-type.application";
		};
/* End PBXNativeTarget section */

/* Begin PBXProject section */
		D2D27A9B1DF9BADF004D2378 /* Project object */ = {
			isa = PBXProject;
			attributes = {
				LastUpgradeCheck = 0810;
				ORGANIZATIONNAME = "Ernesto Blanco Careaga";
				TargetAttributes = {
					D2D27AA21DF9BADF004D2378 = {
						CreatedOnToolsVersion = 8.1;
						DevelopmentTeam = 6U8C826Z3N;
						ProvisioningStyle = Automatic;
					};
				};
			};
			buildConfigurationList = D2D27A9E1DF9BADF004D2378 /* Build configuration list for PBXProject "TresEnRaya" */;
			compatibilityVersion = "Xcode 3.2";
			developmentRegion = English;
			hasScannedForEncodings = 0;
			knownRegions = (
				en,
				Base,
			);
			mainGroup = D2D27A9A1DF9BADF004D2378;
			productRefGroup = D2D27AA41DF9BADF004D2378 /* Products */;
			projectDirPath = "";
			projectRoot = "";
			targets = (
				D2D27AA21DF9BADF004D2378 /* TresEnRaya */,
			);
		};
/* End PBXProject section */

/* Begin PBXResourcesBuildPhase section */
		D2D27AA11DF9BADF004D2378 /* Resources */ = {
			isa = PBXResourcesBuildPhase;
			buildActionMask = 2147483647;
			files = (
				D28602721E0479F600027A9C /* abucheo.mp3 in Resources */,
				D2D27AB61DF9BADF004D2378 /* LaunchScreen.storyboard in Resources */,
				D286027C1E047A8000027A9C /* vaca.mp3 in Resources */,
				D2D27AB31DF9BADF004D2378 /* Assets.xcassets in Resources */,
				D28602741E047A0200027A9C /* aplausos.mp3 in Resources */,
				D28602781E047A5600027A9C /* intro.mp3 in Resources */,
				D2D27AB11DF9BADF004D2378 /* Main.storyboard in Resources */,
				D28602761E047A4600027A9C /* gato.mp3 in Resources */,
				D286027A1E047A7700027A9C /* perro.mp3 in Resources */,
			);
			runOnlyForDeploymentPostprocessing = 0;
		};
/* End PBXResourcesBuildPhase section */

/* Begin PBXSourcesBuildPhase section */
		D2D27A9F1DF9BADF004D2378 /* Sources */ = {
			isa = PBXSourcesBuildPhase;
			buildActionMask = 2147483647;
			files = (
				D2D27AAE1DF9BADF004D2378 /* ViewController.m in Sources */,
				D2F279E41E046C59001C5152 /* SoundManager.m in Sources */,
				D2D27AAB1DF9BADF004D2378 /* AppDelegate.m in Sources */,
				D2D27AA81DF9BADF004D2378 /* main.m in Sources */,
			);
			runOnlyForDeploymentPostprocessing = 0;
		};
/* End PBXSourcesBuildPhase section */

/* Begin PBXVariantGroup section */
		D2D27AAF1DF9BADF004D2378 /* Main.storyboard */ = {
			isa = PBXVariantGroup;
			children = (
				D2D27AB01DF9BADF004D2378 /* Base */,
			);
			name = Main.storyboard;
			sourceTree = "<group>";
		};
		D2D27AB41DF9BADF004D2378 /* LaunchScreen.storyboard */ = {
			isa = PBXVariantGroup;
			children = (
				D2D27AB51DF9BADF004D2378 /* Base */,
			);
			name = LaunchScreen.storyboard;
			sourceTree = "<group>";
		};
/* End PBXVariantGroup section */

/* Begin XCBuildConfiguration section */
		D2D27AB81DF9BADF004D2378 /* Debug */ = {
			isa = XCBuildConfiguration;
			buildSettings = {
				ALWAYS_SEARCH_USER_PATHS = NO;
				CLANG_ANALYZER_NONNULL = YES;
				CLANG_CXX_LANGUAGE_STANDARD = "gnu++0x";
				CLANG_CXX_LIBRARY = "libc++";
				CLANG_ENABLE_MODULES = YES;
				CLANG_ENABLE_OBJC_ARC = YES;
				CLANG_WARN_BOOL_CONVERSION = YES;
				CLANG_WARN_CONSTANT_CONVERSION = YES;
				CLANG_WARN_DIRECT_OBJC_ISA_USAGE = YES_ERROR;
				CLANG_WARN_DOCUMENTATION_COMMENTS = YES;
				CLANG_WARN_EMPTY_BODY = YES;
				CLANG_WARN_ENUM_CONVERSION = YES;
				CLANG_WARN_INFINITE_RECURSION = YES;
				CLANG_WARN_INT_CONVERSION = YES;
				CLANG_WARN_OBJC_ROOT_CLASS = YES_ERROR;
				CLANG_WARN_SUSPICIOUS_MOVES = YES;
				CLANG_WARN_UNREACHABLE_CODE = YES;
				CLANG_WARN__DUPLICATE_METHOD_MATCH = YES;
				"CODE_SIGN_IDENTITY[sdk=iphoneos*]" = "iPhone Developer";
				COPY_PHASE_STRIP = NO;
				DEBUG_INFORMATION_FORMAT = dwarf;
				ENABLE_STRICT_OBJC_MSGSEND = YES;
				ENABLE_TESTABILITY = YES;
				GCC_C_LANGUAGE_STANDARD = gnu99;
				GCC_DYNAMIC_NO_PIC = NO;
				GCC_NO_COMMON_BLOCKS = YES;
				GCC_OPTIMIZATION_LEVEL = 0;
				GCC_PREPROCESSOR_DEFINITIONS = (
					"DEBUG=1",
					"$(inherited)",
				);
				GCC_WARN_64_TO_32_BIT_CONVERSION = YES;
				GCC_WARN_ABOUT_RETURN_TYPE = YES_ERROR;
				GCC_WARN_UNDECLARED_SELECTOR = YES;
				GCC_WARN_UNINITIALIZED_AUTOS = YES_AGGRESSIVE;
				GCC_WARN_UNUSED_FUNCTION = YES;
				GCC_WARN_UNUSED_VARIABLE = YES;
				IPHONEOS_DEPLOYMENT_TARGET = 10.1;
				MTL_ENABLE_DEBUG_INFO = YES;
				ONLY_ACTIVE_ARCH = YES;
				SDKROOT = iphoneos;
			};
			name = Debug;
		};
		D2D27AB91DF9BADF004D2378 /* Release */ = {
			isa = XCBuildConfiguration;
			buildSettings = {
				ALWAYS_SEARCH_USER_PATHS = NO;
				CLANG_ANALYZER_NONNULL = YES;
				CLANG_CXX_LANGUAGE_STANDARD = "gnu++0x";
				CLANG_CXX_LIBRARY = "libc++";
				CLANG_ENABLE_MODULES = YES;
				CLANG_ENABLE_OBJC_ARC = YES;
				CLANG_WARN_BOOL_CONVERSION = YES;
				CLANG_WARN_CONSTANT_CONVERSION = YES;
				CLANG_WARN_DIRECT_OBJC_ISA_USAGE = YES_ERROR;
				CLANG_WARN_DOCUMENTATION_COMMENTS = YES;
				CLANG_WARN_EMPTY_BODY = YES;
				CLANG_WARN_ENUM_CONVERSION = YES;
				CLANG_WARN_INFINITE_RECURSION = YES;
				CLANG_WARN_INT_CONVERSION = YES;
				CLANG_WARN_OBJC_ROOT_CLASS = YES_ERROR;
				CLANG_WARN_SUSPICIOUS_MOVES = YES;
				CLANG_WARN_UNREACHABLE_CODE = YES;
				CLANG_WARN__DUPLICATE_METHOD_MATCH = YES;
				"CODE_SIGN_IDENTITY[sdk=iphoneos*]" = "iPhone Developer";
				COPY_PHASE_STRIP = NO;
				DEBUG_INFORMATION_FORMAT = "dwarf-with-dsym";
				ENABLE_NS_ASSERTIONS = NO;
				ENABLE_STRICT_OBJC_MSGSEND = YES;
				GCC_C_LANGUAGE_STANDARD = gnu99;
				GCC_NO_COMMON_BLOCKS = YES;
				GCC_WARN_64_TO_32_BIT_CONVERSION = YES;
				GCC_WARN_ABOUT_RETURN_TYPE = YES_ERROR;
				GCC_WARN_UNDECLARED_SELECTOR = YES;
				GCC_WARN_UNINITIALIZED_AUTOS = YES_AGGRESSIVE;
				GCC_WARN_UNUSED_FUNCTION = YES;
				GCC_WARN_UNUSED_VARIABLE = YES;
				IPHONEOS_DEPLOYMENT_TARGET = 10.1;
				MTL_ENABLE_DEBUG_INFO = NO;
				SDKROOT = iphoneos;
				VALIDATE_PRODUCT = YES;
			};
			name = Release;
		};
		D2D27ABB1DF9BADF004D2378 /* Debug */ = {
			isa = XCBuildConfiguration;
			buildSettings = {
				ASSETCATALOG_COMPILER_APPICON_NAME = AppIcon;
				DEVELOPMENT_TEAM = 6U8C826Z3N;
				INFOPLIST_FILE = TresEnRaya/Info.plist;
				LD_RUNPATH_SEARCH_PATHS = "$(inherited) @executable_path/Frameworks";
				PRODUCT_BUNDLE_IDENTIFIER = legal.tics.TresEnRaya;
				PRODUCT_NAME = "$(TARGET_NAME)";
			};
			name = Debug;
		};
		D2D27ABC1DF9BADF004D2378 /* Release */ = {
			isa = XCBuildConfiguration;
			buildSettings = {
				ASSETCATALOG_COMPILER_APPICON_NAME = AppIcon;
				DEVELOPMENT_TEAM = 6U8C826Z3N;
				INFOPLIST_FILE = TresEnRaya/Info.plist;
				LD_RUNPATH_SEARCH_PATHS = "$(inherited) @executable_path/Frameworks";
				PRODUCT_BUNDLE_IDENTIFIER = legal.tics.TresEnRaya;
				PRODUCT_NAME = "$(TARGET_NAME)";
			};
			name = Release;
		};
/* End XCBuildConfiguration section */

/* Begin XCConfigurationList section */
		D2D27A9E1DF9BADF004D2378 /* Build configuration list for PBXProject "TresEnRaya" */ = {
			isa = XCConfigurationList;
			buildConfigurations = (
				D2D27AB81DF9BADF004D2378 /* Debug */,
				D2D27AB91DF9BADF004D2378 /* Release */,
			);
			defaultConfigurationIsVisible = 0;
			defaultConfigurationName = Release;
		};
		D2D27ABA1DF9BADF004D2378 /* Build configuration list for PBXNativeTarget "TresEnRaya" */ = {
			isa = XCConfigurationList;
			buildConfigurations = (
				D2D27ABB1DF9BADF004D2378 /* Debug */,
				D2D27ABC1DF9BADF004D2378 /* Release */,
			);
			defaultConfigurationIsVisible = 0;
			defaultConfigurationName = Release;
		};
/* End XCConfigurationList section */
	};
	rootObject = D2D27A9B1DF9BADF004D2378 /* Project object */;
}
